{
    "name": "midterm",
    "version": "1.0.0",
    "lockfileVersion": 1,
    "requires": true,
    "dependencies": {
        "eslint-config-prettier": {
            "version": "3.1.0",
            "resolved": "https://registry.npmjs.org/eslint-config-prettier/-/eslint-config-prettier-3.1.0.tgz",
            "integrity": "sha512-QYGfmzuc4q4J6XIhlp8vRKdI/fI0tQfQPy1dME3UOLprE+v4ssH/3W9LM2Q7h5qBcy5m0ehCrBDU2YF8q6OY8w==",
            "dev": true,
            "requires": {
                "get-stdin": "^6.0.0"
            }
        },
        "get-stdin": {
            "version": "6.0.0",
            "resolved": "https://registry.npmjs.org/get-stdin/-/get-stdin-6.0.0.tgz",
            "integrity": "sha512-jp4tHawyV7+fkkSKyvjuLZswblUtz+SQKzSWnBbii16BuZksJlU1wuBYXY75r+duh/llF1ur6oNwi+2ZzjKZ7g==",
            "dev": true
        }
    }
}
